
Microsoft Visual Studio Solution File, Format Version 12.00
# Visual Studio Version 17
VisualStudioVersion = 17.4.33213.308
MinimumVisualStudioVersion = 10.0.40219.1
Project("{FAE04EC0-301F-11D3-BF4B-00C04F79EFBC}") = "Learn_MVVM_WPF_App", "Learn_MVVM_WPF_App.csproj", "{8F72CF6A-69F4-402A-80EE-A1507DCB60C2}"
EndProject
Global
	GlobalSection(SolutionConfigurationPlatforms) = preSolution
		Debug|Any CPU = Debug|Any CPU
		Release|Any CPU = Release|Any CPU
	EndGlobalSection
	GlobalSection(ProjectConfigurationPlatforms) = postSolution
		{8F72CF6A-69F4-402A-80EE-A1507DCB60C2}.Debug|Any CPU.ActiveCfg = Debug|Any CPU
		{8F72CF6A-69F4-402A-80EE-A1507DCB60C2}.Debug|Any CPU.Build.0 = Debug|Any CPU
		{8F72CF6A-69F4-402A-80EE-A1507DCB60C2}.Release|Any CPU.ActiveCfg = Release|Any CPU
		{8F72CF6A-69F4-402A-80EE-A1507DCB60C2}.Release|Any CPU.Build.0 = Release|Any CPU
	EndGlobalSection
	GlobalSection(SolutionProperties) = preSolution
		HideSolutionNode = FALSE
	EndGlobalSection
	GlobalSection(ExtensibilityGlobals) = postSolution
		SolutionGuid = {F40C566C-F2F8-4DBE-AF3C-6BB15E1AF5A7}
	EndGlobalSection
EndGlobal
